// !$*UTF8*$!
{
	archiveVersion = 1;
	classes = {
	};
	objectVersion = 46;
	objects = {

/* Begin PBXBuildFile section */
		3F0F09F61A72FEC8001282AD /* LoadScreen.xib in Resources */ = {isa = PBXBuildFile; fileRef = 3F0F09F51A72FEC8001282AD /* LoadScreen.xib */; };
		3F0F09F81A72FFEF001282AD /* LoadSreen.swift in Sources */ = {isa = PBXBuildFile; fileRef = 3F0F09F71A72FFEF001282AD /* LoadSreen.swift */; };
		3F1E8A781A6AA99F00A5C387 /* AppDelegate.swift in Sources */ = {isa = PBXBuildFile; fileRef = 3F1E8A771A6AA99F00A5C387 /* AppDelegate.swift */; };
		3F1E8A7A1A6AA99F00A5C387 /* ViewController.swift in Sources */ = {isa = PBXBuildFile; fileRef = 3F1E8A791A6AA99F00A5C387 /* ViewController.swift */; };
		3F1E8A7D1A6AA9A000A5C387 /* Main.storyboard in Resources */ = {isa = PBXBuildFile; fileRef = 3F1E8A7B1A6AA9A000A5C387 /* Main.storyboard */; };
		3F1E8A7F1A6AA9A000A5C387 /* Images.xcassets in Resources */ = {isa = PBXBuildFile; fileRef = 3F1E8A7E1A6AA9A000A5C387 /* Images.xcassets */; };
		3F1E8A821A6AA9A000A5C387 /* LaunchScreen.xib in Resources */ = {isa = PBXBuildFile; fileRef = 3F1E8A801A6AA9A000A5C387 /* LaunchScreen.xib */; };
		3F1E8A8E1A6AA9A000A5C387 /* WeatherTests.swift in Sources */ = {isa = PBXBuildFile; fileRef = 3F1E8A8D1A6AA9A000A5C387 /* WeatherTests.swift */; };
		3F1E8A9A1A6AAC6900A5C387 /* Location.swift in Sources */ = {isa = PBXBuildFile; fileRef = 3F1E8A991A6AAC6900A5C387 /* Location.swift */; };
		3F241CF31A6E727B002EF4E8 /* SwiftyJSON.swift in Sources */ = {isa = PBXBuildFile; fileRef = 3F241CF21A6E727B002EF4E8 /* SwiftyJSON.swift */; };
		3F241CF51A6EAC20002EF4E8 /* Forecast.swift in Sources */ = {isa = PBXBuildFile; fileRef = 3F241CF41A6EAC1F002EF4E8 /* Forecast.swift */; };
		3FBFB5581A7058BA00699359 /* WeatherHelper.swift in Sources */ = {isa = PBXBuildFile; fileRef = 3FBFB5571A7058BA00699359 /* WeatherHelper.swift */; };
		3FE8EFF51A6F19AC0063611C /* ForecastCell.swift in Sources */ = {isa = PBXBuildFile; fileRef = 3FE8EFF41A6F19AC0063611C /* ForecastCell.swift */; };
/* End PBXBuildFile section */

/* Begin PBXContainerItemProxy section */
		3F1E8A881A6AA9A000A5C387 /* PBXContainerItemProxy */ = {
			isa = PBXContainerItemProxy;
			containerPortal = 3F1E8A6A1A6AA99F00A5C387 /* Project object */;
			proxyType = 1;
			remoteGlobalIDString = 3F1E8A711A6AA99F00A5C387;
			remoteInfo = Weather;
		};
/* End PBXContainerItemProxy section */

/* Begin PBXFileReference section */
		3F0F09F51A72FEC8001282AD /* LoadScreen.xib */ = {isa = PBXFileReference; fileEncoding = 4; lastKnownFileType = file.xib; name = LoadScreen.xib; path = ../LoadScreen.xib; sourceTree = "<group>"; };
		3F0F09F71A72FFEF001282AD /* LoadSreen.swift */ = {isa = PBXFileReference; fileEncoding = 4; lastKnownFileType = sourcecode.swift; path = LoadSreen.swift; sourceTree = "<group>"; };
		3F1E8A721A6AA99F00A5C387 /* Weather.app */ = {isa = PBXFileReference; explicitFileType = wrapper.application; includeInIndex = 0; path = Weather.app; sourceTree = BUILT_PRODUCTS_DIR; };
		3F1E8A761A6AA99F00A5C387 /* Info.plist */ = {isa = PBXFileReference; lastKnownFileType = text.plist.xml; path = Info.plist; sourceTree = "<group>"; };
		3F1E8A771A6AA99F00A5C387 /* AppDelegate.swift */ = {isa = PBXFileReference; lastKnownFileType = sourcecode.swift; path = AppDelegate.swift; sourceTree = "<group>"; };
		3F1E8A791A6AA99F00A5C387 /* ViewController.swift */ = {isa = PBXFileReference; lastKnownFileType = sourcecode.swift; path = ViewController.swift; sourceTree = "<group>"; };
		3F1E8A7C1A6AA9A000A5C387 /* Base */ = {isa = PBXFileReference; lastKnownFileType = file.storyboard; name = Base; path = Base.lproj/Main.storyboard; sourceTree = "<group>"; };
		3F1E8A7E1A6AA9A000A5C387 /* Images.xcassets */ = {isa = PBXFileReference; lastKnownFileType = folder.assetcatalog; path = Images.xcassets; sourceTree = "<group>"; };
		3F1E8A811A6AA9A000A5C387 /* Base */ = {isa = PBXFileReference; lastKnownFileType = file.xib; name = Base; path = Base.lproj/LaunchScreen.xib; sourceTree = "<group>"; };
		3F1E8A871A6AA9A000A5C387 /* WeatherTests.xctest */ = {isa = PBXFileReference; explicitFileType = wrapper.cfbundle; includeInIndex = 0; path = WeatherTests.xctest; sourceTree = BUILT_PRODUCTS_DIR; };
		3F1E8A8C1A6AA9A000A5C387 /* Info.plist */ = {isa = PBXFileReference; lastKnownFileType = text.plist.xml; path = Info.plist; sourceTree = "<group>"; };
		3F1E8A8D1A6AA9A000A5C387 /* WeatherTests.swift */ = {isa = PBXFileReference; lastKnownFileType = sourcecode.swift; path = WeatherTests.swift; sourceTree = "<group>"; };
		3F1E8A991A6AAC6900A5C387 /* Location.swift */ = {isa = PBXFileReference; fileEncoding = 4; lastKnownFileType = sourcecode.swift; path = Location.swift; sourceTree = "<group>"; };
		3F241CF21A6E727B002EF4E8 /* SwiftyJSON.swift */ = {isa = PBXFileReference; fileEncoding = 4; lastKnownFileType = sourcecode.swift; path = SwiftyJSON.swift; sourceTree = "<group>"; };
		3F241CF41A6EAC1F002EF4E8 /* Forecast.swift */ = {isa = PBXFileReference; fileEncoding = 4; lastKnownFileType = sourcecode.swift; name = Forecast.swift; path = ../Forecast.swift; sourceTree = "<group>"; };
		3FA529E41A73A0CD00A20807 /* .gitignore */ = {isa = PBXFileReference; lastKnownFileType = text; name = .gitignore; path = "refresher-master/.gitignore"; sourceTree = "<group>"; };
		3FBFB5571A7058BA00699359 /* WeatherHelper.swift */ = {isa = PBXFileReference; fileEncoding = 4; lastKnownFileType = sourcecode.swift; path = WeatherHelper.swift; sourceTree = SOURCE_ROOT; };
		3FE8EFF41A6F19AC0063611C /* ForecastCell.swift */ = {isa = PBXFileReference; fileEncoding = 4; lastKnownFileType = sourcecode.swift; path = ForecastCell.swift; sourceTree = "<group>"; };
/* End PBXFileReference section */

/* Begin PBXFrameworksBuildPhase section */
		3F1E8A6F1A6AA99F00A5C387 /* Frameworks */ = {
			isa = PBXFrameworksBuildPhase;
			buildActionMask = 2147483647;
			files = (
			);
			runOnlyForDeploymentPostprocessing = 0;
		};
		3F1E8A841A6AA9A000A5C387 /* Frameworks */ = {
			isa = PBXFrameworksBuildPhase;
			buildActionMask = 2147483647;
			files = (
			);
			runOnlyForDeploymentPostprocessing = 0;
		};
/* End PBXFrameworksBuildPhase section */

/* Begin PBXGroup section */
		3F1E8A691A6AA99F00A5C387 = {
			isa = PBXGroup;
			children = (
				3FA529E41A73A0CD00A20807 /* .gitignore */,
				3F1E8A741A6AA99F00A5C387 /* Weather */,
				3F1E8A8A1A6AA9A000A5C387 /* WeatherTests */,
				3F1E8A731A6AA99F00A5C387 /* Products */,
			);
			sourceTree = "<group>";
		};
		3F1E8A731A6AA99F00A5C387 /* Products */ = {
			isa = PBXGroup;
			children = (
				3F1E8A721A6AA99F00A5C387 /* Weather.app */,
				3F1E8A871A6AA9A000A5C387 /* WeatherTests.xctest */,
			);
			name = Products;
			sourceTree = "<group>";
		};
		3F1E8A741A6AA99F00A5C387 /* Weather */ = {
			isa = PBXGroup;
			children = (
				3F1E8A771A6AA99F00A5C387 /* AppDelegate.swift */,
				3F1E8A791A6AA99F00A5C387 /* ViewController.swift */,
				3FBFB5571A7058BA00699359 /* WeatherHelper.swift */,
				3F241CF21A6E727B002EF4E8 /* SwiftyJSON.swift */,
				3F1E8A7B1A6AA9A000A5C387 /* Main.storyboard */,
				3F0F09F51A72FEC8001282AD /* LoadScreen.xib */,
				3F0F09F71A72FFEF001282AD /* LoadSreen.swift */,
				3F1E8A7E1A6AA9A000A5C387 /* Images.xcassets */,
				3F1E8A801A6AA9A000A5C387 /* LaunchScreen.xib */,
				3F1E8A751A6AA99F00A5C387 /* Supporting Files */,
				3F1E8A991A6AAC6900A5C387 /* Location.swift */,
				3F241CF41A6EAC1F002EF4E8 /* Forecast.swift */,
				3FE8EFF41A6F19AC0063611C /* ForecastCell.swift */,
			);
			path = Weather;
			sourceTree = "<group>";
		};
		3F1E8A751A6AA99F00A5C387 /* Supporting Files */ = {
			isa = PBXGroup;
			children = (
				3F1E8A761A6AA99F00A5C387 /* Info.plist */,
			);
			name = "Supporting Files";
			sourceTree = "<group>";
		};
		3F1E8A8A1A6AA9A000A5C387 /* WeatherTests */ = {
			isa = PBXGroup;
			children = (
				3F1E8A8D1A6AA9A000A5C387 /* WeatherTests.swift */,
				3F1E8A8B1A6AA9A000A5C387 /* Supporting Files */,
			);
			path = WeatherTests;
			sourceTree = "<group>";
		};
		3F1E8A8B1A6AA9A000A5C387 /* Supporting Files */ = {
			isa = PBXGroup;
			children = (
				3F1E8A8C1A6AA9A000A5C387 /* Info.plist */,
			);
			name = "Supporting Files";
			sourceTree = "<group>";
		};
/* End PBXGroup section */

/* Begin PBXNativeTarget section */
		3F1E8A711A6AA99F00A5C387 /* Weather */ = {
			isa = PBXNativeTarget;
			buildConfigurationList = 3F1E8A911A6AA9A000A5C387 /* Build configuration list for PBXNativeTarget "Weather" */;
			buildPhases = (
				3F1E8A6E1A6AA99F00A5C387 /* Sources */,
				3F1E8A6F1A6AA99F00A5C387 /* Frameworks */,
				3F1E8A701A6AA99F00A5C387 /* Resources */,
			);
			buildRules = (
			);
			dependencies = (
			);
			name = Weather;
			productName = Weather;
			productReference = 3F1E8A721A6AA99F00A5C387 /* Weather.app */;
			productType = "com.apple.product-type.application";
		};
		3F1E8A861A6AA9A000A5C387 /* WeatherTests */ = {
			isa = PBXNativeTarget;
			buildConfigurationList = 3F1E8A941A6AA9A000A5C387 /* Build configuration list for PBXNativeTarget "WeatherTests" */;
			buildPhases = (
				3F1E8A831A6AA9A000A5C387 /* Sources */,
				3F1E8A841A6AA9A000A5C387 /* Frameworks */,
				3F1E8A851A6AA9A000A5C387 /* Resources */,
			);
			buildRules = (
			);
			dependencies = (
				3F1E8A891A6AA9A000A5C387 /* PBXTargetDependency */,
			);
			name = WeatherTests;
			productName = WeatherTests;
			productReference = 3F1E8A871A6AA9A000A5C387 /* WeatherTests.xctest */;
			productType = "com.apple.product-type.bundle.unit-test";
		};
/* End PBXNativeTarget section */

/* Begin PBXProject section */
		3F1E8A6A1A6AA99F00A5C387 /* Project object */ = {
			isa = PBXProject;
			attributes = {
				LastUpgradeCheck = 0620;
				ORGANIZATIONNAME = student;
				TargetAttributes = {
					3F1E8A711A6AA99F00A5C387 = {
						CreatedOnToolsVersion = 6.2;
					};
					3F1E8A861A6AA9A000A5C387 = {
						CreatedOnToolsVersion = 6.2;
						TestTargetID = 3F1E8A711A6AA99F00A5C387;
					};
				};
			};
			buildConfigurationList = 3F1E8A6D1A6AA99F00A5C387 /* Build configuration list for PBXProject "Weather" */;
			compatibilityVersion = "Xcode 3.2";
			developmentRegion = English;
			hasScannedForEncodings = 0;
			knownRegions = (
				en,
				Base,
			);
			mainGroup = 3F1E8A691A6AA99F00A5C387;
			productRefGroup = 3F1E8A731A6AA99F00A5C387 /* Products */;
			projectDirPath = "";
			projectRoot = "";
			targets = (
				3F1E8A711A6AA99F00A5C387 /* Weather */,
				3F1E8A861A6AA9A000A5C387 /* WeatherTests */,
			);
		};
/* End PBXProject section */

/* Begin PBXResourcesBuildPhase section */
		3F1E8A701A6AA99F00A5C387 /* Resources */ = {
			isa = PBXResourcesBuildPhase;
			buildActionMask = 2147483647;
			files = (
				3F1E8A7D1A6AA9A000A5C387 /* Main.storyboard in Resources */,
				3F1E8A821A6AA9A000A5C387 /* LaunchScreen.xib in Resources */,
				3F1E8A7F1A6AA9A000A5C387 /* Images.xcassets in Resources */,
				3F0F09F61A72FEC8001282AD /* LoadScreen.xib in Resources */,
			);
			runOnlyForDeploymentPostprocessing = 0;
		};
		3F1E8A851A6AA9A000A5C387 /* Resources */ = {
			isa = PBXResourcesBuildPhase;
			buildActionMask = 2147483647;
			files = (
			);
			runOnlyForDeploymentPostprocessing = 0;
		};
/* End PBXResourcesBuildPhase section */

/* Begin PBXSourcesBuildPhase section */
		3F1E8A6E1A6AA99F00A5C387 /* Sources */ = {
			isa = PBXSourcesBuildPhase;
			buildActionMask = 2147483647;
			files = (
				3F0F09F81A72FFEF001282AD /* LoadSreen.swift in Sources */,
				3F1E8A7A1A6AA99F00A5C387 /* ViewController.swift in Sources */,
				3F1E8A9A1A6AAC6900A5C387 /* Location.swift in Sources */,
				3F241CF31A6E727B002EF4E8 /* SwiftyJSON.swift in Sources */,
				3FE8EFF51A6F19AC0063611C /* ForecastCell.swift in Sources */,
				3F241CF51A6EAC20002EF4E8 /* Forecast.swift in Sources */,
				3FBFB5581A7058BA00699359 /* WeatherHelper.swift in Sources */,
				3F1E8A781A6AA99F00A5C387 /* AppDelegate.swift in Sources */,
			);
			runOnlyForDeploymentPostprocessing = 0;
		};
		3F1E8A831A6AA9A000A5C387 /* Sources */ = {
			isa = PBXSourcesBuildPhase;
			buildActionMask = 2147483647;
			files = (
				3F1E8A8E1A6AA9A000A5C387 /* WeatherTests.swift in Sources */,
			);
			runOnlyForDeploymentPostprocessing = 0;
		};
/* End PBXSourcesBuildPhase section */

/* Begin PBXTargetDependency section */
		3F1E8A891A6AA9A000A5C387 /* PBXTargetDependency */ = {
			isa = PBXTargetDependency;
			target = 3F1E8A711A6AA99F00A5C387 /* Weather */;
			targetProxy = 3F1E8A881A6AA9A000A5C387 /* PBXContainerItemProxy */;
		};
/* End PBXTargetDependency section */

/* Begin PBXVariantGroup section */
		3F1E8A7B1A6AA9A000A5C387 /* Main.storyboard */ = {
			isa = PBXVariantGroup;
			children = (
				3F1E8A7C1A6AA9A000A5C387 /* Base */,
			);
			name = Main.storyboard;
			sourceTree = "<group>";
		};
		3F1E8A801A6AA9A000A5C387 /* LaunchScreen.xib */ = {
			isa = PBXVariantGroup;
			children = (
				3F1E8A811A6AA9A000A5C387 /* Base */,
			);
			name = LaunchScreen.xib;
			sourceTree = "<group>";
		};
/* End PBXVariantGroup section */

/* Begin XCBuildConfiguration section */
		3F1E8A8F1A6AA9A000A5C387 /* Debug */ = {
			isa = XCBuildConfiguration;
			buildSettings = {
				ALWAYS_SEARCH_USER_PATHS = NO;
				CLANG_CXX_LANGUAGE_STANDARD = "gnu++0x";
				CLANG_CXX_LIBRARY = "libc++";
				CLANG_ENABLE_MODULES = YES;
				CLANG_ENABLE_OBJC_ARC = YES;
				CLANG_WARN_BOOL_CONVERSION = YES;
				CLANG_WARN_CONSTANT_CONVERSION = YES;
				CLANG_WARN_DIRECT_OBJC_ISA_USAGE = YES_ERROR;
				CLANG_WARN_EMPTY_BODY = YES;
				CLANG_WARN_ENUM_CONVERSION = YES;
				CLANG_WARN_INT_CONVERSION = YES;
				CLANG_WARN_OBJC_ROOT_CLASS = YES_ERROR;
				CLANG_WARN_UNREACHABLE_CODE = YES;
				CLANG_WARN__DUPLICATE_METHOD_MATCH = YES;
				"CODE_SIGN_IDENTITY[sdk=iphoneos*]" = "iPhone Developer";
				COPY_PHASE_STRIP = NO;
				ENABLE_STRICT_OBJC_MSGSEND = YES;
				GCC_C_LANGUAGE_STANDARD = gnu99;
				GCC_DYNAMIC_NO_PIC = NO;
				GCC_OPTIMIZATION_LEVEL = 0;
				GCC_PREPROCESSOR_DEFINITIONS = (
					"DEBUG=1",
					"$(inherited)",
				);
				GCC_SYMBOLS_PRIVATE_EXTERN = NO;
				GCC_WARN_64_TO_32_BIT_CONVERSION = YES;
				GCC_WARN_ABOUT_RETURN_TYPE = YES_ERROR;
				GCC_WARN_UNDECLARED_SELECTOR = YES;
				GCC_WARN_UNINITIALIZED_AUTOS = YES_AGGRESSIVE;
				GCC_WARN_UNUSED_FUNCTION = YES;
				GCC_WARN_UNUSED_VARIABLE = YES;
				IPHONEOS_DEPLOYMENT_TARGET = 8.2;
				MTL_ENABLE_DEBUG_INFO = YES;
				ONLY_ACTIVE_ARCH = YES;
				SDKROOT = iphoneos;
				SWIFT_OPTIMIZATION_LEVEL = "-Onone";
				TARGETED_DEVICE_FAMILY = "1,2";
			};
			name = Debug;
		};
		3F1E8A901A6AA9A000A5C387 /* Release */ = {
			isa = XCBuildConfiguration;
			buildSettings = {
				ALWAYS_SEARCH_USER_PATHS = NO;
				CLANG_CXX_LANGUAGE_STANDARD = "gnu++0x";
				CLANG_CXX_LIBRARY = "libc++";
				CLANG_ENABLE_MODULES = YES;
				CLANG_ENABLE_OBJC_ARC = YES;
				CLANG_WARN_BOOL_CONVERSION = YES;
				CLANG_WARN_CONSTANT_CONVERSION = YES;
				CLANG_WARN_DIRECT_OBJC_ISA_USAGE = YES_ERROR;
				CLANG_WARN_EMPTY_BODY = YES;
				CLANG_WARN_ENUM_CONVERSION = YES;
				CLANG_WARN_INT_CONVERSION = YES;
				CLANG_WARN_OBJC_ROOT_CLASS = YES_ERROR;
				CLANG_WARN_UNREACHABLE_CODE = YES;
				CLANG_WARN__DUPLICATE_METHOD_MATCH = YES;
				"CODE_SIGN_IDENTITY[sdk=iphoneos*]" = "iPhone Developer";
				COPY_PHASE_STRIP = NO;
				ENABLE_NS_ASSERTIONS = NO;
				ENABLE_STRICT_OBJC_MSGSEND = YES;
				GCC_C_LANGUAGE_STANDARD = gnu99;
				GCC_WARN_64_TO_32_BIT_CONVERSION = YES;
				GCC_WARN_ABOUT_RETURN_TYPE = YES_ERROR;
				GCC_WARN_UNDECLARED_SELECTOR = YES;
				GCC_WARN_UNINITIALIZED_AUTOS = YES_AGGRESSIVE;
				GCC_WARN_UNUSED_FUNCTION = YES;
				GCC_WARN_UNUSED_VARIABLE = YES;
				IPHONEOS_DEPLOYMENT_TARGET = 8.2;
				MTL_ENABLE_DEBUG_INFO = NO;
				SDKROOT = iphoneos;
				TARGETED_DEVICE_FAMILY = "1,2";
				VALIDATE_PRODUCT = YES;
			};
			name = Release;
		};
		3F1E8A921A6AA9A000A5C387 /* Debug */ = {
			isa = XCBuildConfiguration;
			buildSettings = {
				ASSETCATALOG_COMPILER_APPICON_NAME = AppIcon;
				INFOPLIST_FILE = Weather/Info.plist;
				LD_RUNPATH_SEARCH_PATHS = "$(inherited) @executable_path/Frameworks";
				PRODUCT_NAME = "$(TARGET_NAME)";
			};
			name = Debug;
		};
		3F1E8A931A6AA9A000A5C387 /* Release */ = {
			isa = XCBuildConfiguration;
			buildSettings = {
				ASSETCATALOG_COMPILER_APPICON_NAME = AppIcon;
				INFOPLIST_FILE = Weather/Info.plist;
				LD_RUNPATH_SEARCH_PATHS = "$(inherited) @executable_path/Frameworks";
				PRODUCT_NAME = "$(TARGET_NAME)";
			};
			name = Release;
		};
		3F1E8A951A6AA9A000A5C387 /* Debug */ = {
			isa = XCBuildConfiguration;
			buildSettings = {
				BUNDLE_LOADER = "$(TEST_HOST)";
				FRAMEWORK_SEARCH_PATHS = (
					"$(SDKROOT)/Developer/Library/Frameworks",
					"$(inherited)",
				);
				GCC_PREPROCESSOR_DEFINITIONS = (
					"DEBUG=1",
					"$(inherited)",
				);
				INFOPLIST_FILE = WeatherTests/Info.plist;
				LD_RUNPATH_SEARCH_PATHS = "$(inherited) @executable_path/Frameworks @loader_path/Frameworks";
				PRODUCT_NAME = "$(TARGET_NAME)";
				TEST_HOST = "$(BUILT_PRODUCTS_DIR)/Weather.app/Weather";
			};
			name = Debug;
		};
		3F1E8A961A6AA9A000A5C387 /* Release */ = {
			isa = XCBuildConfiguration;
			buildSettings = {
				BUNDLE_LOADER = "$(TEST_HOST)";
				FRAMEWORK_SEARCH_PATHS = (
					"$(SDKROOT)/Developer/Library/Frameworks",
					"$(inherited)",
				);
				INFOPLIST_FILE = WeatherTests/Info.plist;
				LD_RUNPATH_SEARCH_PATHS = "$(inherited) @executable_path/Frameworks @loader_path/Frameworks";
				PRODUCT_NAME = "$(TARGET_NAME)";
				TEST_HOST = "$(BUILT_PRODUCTS_DIR)/Weather.app/Weather";
			};
			name = Release;
		};
/* End XCBuildConfiguration section */

/* Begin XCConfigurationList section */
		3F1E8A6D1A6AA99F00A5C387 /* Build configuration list for PBXProject "Weather" */ = {
			isa = XCConfigurationList;
			buildConfigurations = (
				3F1E8A8F1A6AA9A000A5C387 /* Debug */,
				3F1E8A901A6AA9A000A5C387 /* Release */,
			);
			defaultConfigurationIsVisible = 0;
			defaultConfigurationName = Release;
		};
		3F1E8A911A6AA9A000A5C387 /* Build configuration list for PBXNativeTarget "Weather" */ = {
			isa = XCConfigurationList;
			buildConfigurations = (
				3F1E8A921A6AA9A000A5C387 /* Debug */,
				3F1E8A931A6AA9A000A5C387 /* Release */,
			);
			defaultConfigurationIsVisible = 0;
			defaultConfigurationName = Release;
		};
		3F1E8A941A6AA9A000A5C387 /* Build configuration list for PBXNativeTarget "WeatherTests" */ = {
			isa = XCConfigurationList;
			buildConfigurations = (
				3F1E8A951A6AA9A000A5C387 /* Debug */,
				3F1E8A961A6AA9A000A5C387 /* Release */,
			);
			defaultConfigurationIsVisible = 0;
			defaultConfigurationName = Release;
		};
/* End XCConfigurationList section */
	};
	rootObject = 3F1E8A6A1A6AA99F00A5C387 /* Project object */;
}
